
Microsoft Visual Studio Solution File, Format Version 12.00
# Visual Studio Version 17
VisualStudioVersion = 17.7.34018.315
MinimumVisualStudioVersion = 10.0.40219.1
Project("{FAE04EC0-301F-11D3-BF4B-00C04F79EFBC}") = "Uppgift 3.1", "Uppgift 3.1\Uppgift 3.1.csproj", "{2CDAF1B5-0727-400C-B7D8-FE5C21B4A5A6}"
EndProject
Global
	GlobalSection(SolutionConfigurationPlatforms) = preSolution
		Debug|Any CPU = Debug|Any CPU
		Release|Any CPU = Release|Any CPU
	EndGlobalSection
	GlobalSection(ProjectConfigurationPlatforms) = postSolution
		{2CDAF1B5-0727-400C-B7D8-FE5C21B4A5A6}.Debug|Any CPU.ActiveCfg = Debug|Any CPU
		{2CDAF1B5-0727-400C-B7D8-FE5C21B4A5A6}.Debug|Any CPU.Build.0 = Debug|Any CPU
		{2CDAF1B5-0727-400C-B7D8-FE5C21B4A5A6}.Release|Any CPU.ActiveCfg = Release|Any CPU
		{2CDAF1B5-0727-400C-B7D8-FE5C21B4A5A6}.Release|Any CPU.Build.0 = Release|Any CPU
	EndGlobalSection
	GlobalSection(SolutionProperties) = preSolution
		HideSolutionNode = FALSE
	EndGlobalSection
	GlobalSection(ExtensibilityGlobals) = postSolution
		SolutionGuid = {15FDF6C5-FE3C-469C-B726-3D4A6158B5AB}
	EndGlobalSection
EndGlobal
